<?xml version="1.0" encoding="utf-8"?>
<Project ToolsVersion="4.0" xmlns="http://schemas.microsoft.com/developer/msbuild/2003">
  <ItemGroup>
    <Filter Include="win32">
      <UniqueIdentifier>{84a8ebd7-7cf0-47f6-b75e-d441df67da40}</UniqueIdentifier>
    </Filter>
    <Filter Include="resource">
      <UniqueIdentifier>{715254bc-d70b-4ec5-bf29-467dd3ace079}</UniqueIdentifier>
    </Filter>
    <Filter Include="src">
      <UniqueIdentifier>{bb6c862e-70e9-49d9-81b7-3829a6f50471}</UniqueIdentifier>
    </Filter>
    <Filter Include="src\场景管理">
      <UniqueIdentifier>{76da86c5-ee2b-43a2-85a9-b44e10b68c00}</UniqueIdentifier>
    </Filter>
    <Filter Include="src\开始场景">
      <UniqueIdentifier>{76ee75e8-ecf2-4e33-ba82-05fb5aecc345}</UniqueIdentifier>
    </Filter>
    <Filter Include="src\通用">
      <UniqueIdentifier>{a5660f36-ab09-41ba-af3e-098a252f3a58}</UniqueIdentifier>
    </Filter>
    <Filter Include="src\游戏场景">
      <UniqueIdentifier>{e4d66a43-6753-479f-9149-07898412d730}</UniqueIdentifier>
    </Filter>
    <Filter Include="src\游戏场景\准备层">
      <UniqueIdentifier>{39d3b0fa-5e04-4ac7-9d8c-8803fcac1606}</UniqueIdentifier>
    </Filter>
    <Filter Include="src\游戏场景\游戏层">
      <UniqueIdentifier>{cd1f8bcd-7f08-477c-b388-17f1804fc9a3}</UniqueIdentifier>
    </Filter>
    <Filter Include="src\游戏场景\游戏管理">
      <UniqueIdentifier>{bf0284d7-d0cf-4c19-bcdd-b11e252e262e}</UniqueIdentifier>
    </Filter>
    <Filter Include="src\游戏场景\卡牌">
      <UniqueIdentifier>{0596e654-dd0c-40f9-88ae-0298a3849de8}</UniqueIdentifier>
    </Filter>
    <Filter Include="src\游戏场景\卡牌\基础数据">
      <UniqueIdentifier>{e56441ac-2476-49ce-ba11-c615f9b55359}</UniqueIdentifier>
    </Filter>
    <Filter Include="src\游戏场景\卡牌\卡牌精灵">
      <UniqueIdentifier>{54f43399-105d-4841-9869-e00677930695}</UniqueIdentifier>
    </Filter>
    <Filter Include="src\游戏场景\卡牌\牌型">
      <UniqueIdentifier>{e88c9781-4712-422e-aa7f-20adadd5aa70}</UniqueIdentifier>
    </Filter>
    <Filter Include="src\游戏场景\玩家">
      <UniqueIdentifier>{fd5bda99-2eaf-4903-a95f-d47b3c83f5fd}</UniqueIdentifier>
    </Filter>
    <Filter Include="src\游戏场景\卡牌\牌组">
      <UniqueIdentifier>{9e286a5d-a8db-4c73-94d1-86abdf355095}</UniqueIdentifier>
    </Filter>
    <Filter Include="src\游戏场景\操作玩家">
      <UniqueIdentifier>{2708b799-4f13-459a-9532-22bff9287556}</UniqueIdentifier>
    </Filter>
    <Filter Include="src\游戏场景\AI">
      <UniqueIdentifier>{a52e8f10-68e1-44bc-b8b5-083d9b9f97dd}</UniqueIdentifier>
    </Filter>
  </ItemGroup>
  <ItemGroup>
    <ClCompile Include="main.cpp">
      <Filter>win32</Filter>
    </ClCompile>
    <ClCompile Include="..\Classes\AppDelegate.cpp">
      <Filter>src</Filter>
    </ClCompile>
    <ClCompile Include="..\Classes\HelloWorldScene.cpp">
      <Filter>src</Filter>
    </ClCompile>
    <ClCompile Include="..\Classes\SceneManager.cpp">
      <Filter>src\场景管理</Filter>
    </ClCompile>
    <ClCompile Include="..\Classes\StartLayer.cpp">
      <Filter>src\开始场景</Filter>
    </ClCompile>
    <ClCompile Include="..\Classes\csb_config.cpp">
      <Filter>src\通用</Filter>
    </ClCompile>
    <ClCompile Include="..\Classes\GameScene.cpp">
      <Filter>src\游戏场景</Filter>
    </ClCompile>
    <ClCompile Include="..\Classes\GameLayer.cpp">
      <Filter>src\游戏场景\游戏层</Filter>
    </ClCompile>
    <ClCompile Include="..\Classes\GameReadyLayer.cpp">
      <Filter>src\游戏场景\准备层</Filter>
    </ClCompile>
    <ClCompile Include="..\Classes\GameMaster.cpp">
      <Filter>src\游戏场景\游戏管理</Filter>
    </ClCompile>
    <ClCompile Include="..\Classes\CardData.cpp">
      <Filter>src\游戏场景\卡牌\基础数据</Filter>
    </ClCompile>
    <ClCompile Include="..\Classes\CardSprite.cpp">
      <Filter>src\游戏场景\卡牌\卡牌精灵</Filter>
    </ClCompile>
    <ClCompile Include="..\Classes\Player.cpp">
      <Filter>src\游戏场景\玩家</Filter>
    </ClCompile>
    <ClCompile Include="..\Classes\CardManager.cpp">
      <Filter>src\游戏场景\卡牌\牌组</Filter>
    </ClCompile>
    <ClCompile Include="..\Classes\PlayerAI.cpp">
      <Filter>src\游戏场景\AI</Filter>
    </ClCompile>
    <ClCompile Include="..\Classes\PlayerControl.cpp">
      <Filter>src\游戏场景\操作玩家</Filter>
    </ClCompile>
  </ItemGroup>
  <ItemGroup>
    <ClInclude Include="main.h">
      <Filter>win32</Filter>
    </ClInclude>
    <ClInclude Include="..\Classes\AppDelegate.h">
      <Filter>src</Filter>
    </ClInclude>
    <ClInclude Include="..\Classes\HelloWorldScene.h">
      <Filter>src</Filter>
    </ClInclude>
    <ClInclude Include="..\Classes\SceneManager.h">
      <Filter>src\场景管理</Filter>
    </ClInclude>
    <ClInclude Include="..\Classes\StartLayer.h">
      <Filter>src\开始场景</Filter>
    </ClInclude>
    <ClInclude Include="..\Classes\csb_config.h">
      <Filter>src\通用</Filter>
    </ClInclude>
    <ClInclude Include="..\Classes\GameScene.h">
      <Filter>src\游戏场景</Filter>
    </ClInclude>
    <ClInclude Include="..\Classes\GameReadyLayer.h">
      <Filter>src\游戏场景\准备层</Filter>
    </ClInclude>
    <ClInclude Include="..\Classes\GameLayer.h">
      <Filter>src\游戏场景\游戏层</Filter>
    </ClInclude>
    <ClInclude Include="..\Classes\GameMaster.h">
      <Filter>src\游戏场景\游戏管理</Filter>
    </ClInclude>
    <ClInclude Include="..\Classes\utils.h">
      <Filter>src\通用</Filter>
    </ClInclude>
    <ClInclude Include="..\Classes\CardData.h">
      <Filter>src\游戏场景\卡牌\基础数据</Filter>
    </ClInclude>
    <ClInclude Include="..\Classes\CardSprite.h">
      <Filter>src\游戏场景\卡牌\卡牌精灵</Filter>
    </ClInclude>
    <ClInclude Include="..\Classes\Player.h">
      <Filter>src\游戏场景\玩家</Filter>
    </ClInclude>
    <ClInclude Include="..\Classes\CardManager.h">
      <Filter>src\游戏场景\卡牌\牌组</Filter>
    </ClInclude>
    <ClInclude Include="..\Classes\PlayerControl.h">
      <Filter>src\游戏场景\操作玩家</Filter>
    </ClInclude>
    <ClInclude Include="..\Classes\PlayerAI.h">
      <Filter>src\游戏场景\AI</Filter>
    </ClInclude>
  </ItemGroup>
  <ItemGroup>
    <ResourceCompile Include="game.rc">
      <Filter>resource</Filter>
    </ResourceCompile>
  </ItemGroup>
</Project>